
Microsoft Visual Studio Solution File, Format Version 12.00
# Visual Studio Version 16
VisualStudioVersion = 16.0.30523.141
MinimumVisualStudioVersion = 10.0.40219.1
Project("{FAE04EC0-301F-11D3-BF4B-00C04F79EFBC}") = "Unsplash.Plus", "Unsplash.Plus\Unsplash.Plus.csproj", "{099F76AD-9DE0-4546-9F95-CF04E3581ADE}"
EndProject
Global
	GlobalSection(SolutionConfigurationPlatforms) = preSolution
		Debug|ARM = Debug|ARM
		Debug|ARM64 = Debug|ARM64
		Debug|x64 = Debug|x64
		Debug|x86 = Debug|x86
		Release|ARM = Release|ARM
		Release|ARM64 = Release|ARM64
		Release|x64 = Release|x64
		Release|x86 = Release|x86
	EndGlobalSection
	GlobalSection(ProjectConfigurationPlatforms) = postSolution
		{099F76AD-9DE0-4546-9F95-CF04E3581ADE}.Debug|ARM.ActiveCfg = Debug|ARM
		{099F76AD-9DE0-4546-9F95-CF04E3581ADE}.Debug|ARM.Build.0 = Debug|ARM
		{099F76AD-9DE0-4546-9F95-CF04E3581ADE}.Debug|ARM.Deploy.0 = Debug|ARM
		{099F76AD-9DE0-4546-9F95-CF04E3581ADE}.Debug|ARM64.ActiveCfg = Debug|ARM64
		{099F76AD-9DE0-4546-9F95-CF04E3581ADE}.Debug|ARM64.Build.0 = Debug|ARM64
		{099F76AD-9DE0-4546-9F95-CF04E3581ADE}.Debug|ARM64.Deploy.0 = Debug|ARM64
		{099F76AD-9DE0-4546-9F95-CF04E3581ADE}.Debug|x64.ActiveCfg = Debug|x64
		{099F76AD-9DE0-4546-9F95-CF04E3581ADE}.Debug|x64.Build.0 = Debug|x64
		{099F76AD-9DE0-4546-9F95-CF04E3581ADE}.Debug|x64.Deploy.0 = Debug|x64
		{099F76AD-9DE0-4546-9F95-CF04E3581ADE}.Debug|x86.ActiveCfg = Debug|x86
		{099F76AD-9DE0-4546-9F95-CF04E3581ADE}.Debug|x86.Build.0 = Debug|x86
		{099F76AD-9DE0-4546-9F95-CF04E3581ADE}.Debug|x86.Deploy.0 = Debug|x86
		{099F76AD-9DE0-4546-9F95-CF04E3581ADE}.Release|ARM.ActiveCfg = Release|ARM
		{099F76AD-9DE0-4546-9F95-CF04E3581ADE}.Release|ARM.Build.0 = Release|ARM
		{099F76AD-9DE0-4546-9F95-CF04E3581ADE}.Release|ARM.Deploy.0 = Release|ARM
		{099F76AD-9DE0-4546-9F95-CF04E3581ADE}.Release|ARM64.ActiveCfg = Release|ARM64
		{099F76AD-9DE0-4546-9F95-CF04E3581ADE}.Release|ARM64.Build.0 = Release|ARM64
		{099F76AD-9DE0-4546-9F95-CF04E3581ADE}.Release|ARM64.Deploy.0 = Release|ARM64
		{099F76AD-9DE0-4546-9F95-CF04E3581ADE}.Release|x64.ActiveCfg = Release|x64
		{099F76AD-9DE0-4546-9F95-CF04E3581ADE}.Release|x64.Build.0 = Release|x64
		{099F76AD-9DE0-4546-9F95-CF04E3581ADE}.Release|x64.Deploy.0 = Release|x64
		{099F76AD-9DE0-4546-9F95-CF04E3581ADE}.Release|x86.ActiveCfg = Release|x86
		{099F76AD-9DE0-4546-9F95-CF04E3581ADE}.Release|x86.Build.0 = Release|x86
		{099F76AD-9DE0-4546-9F95-CF04E3581ADE}.Release|x86.Deploy.0 = Release|x86
	EndGlobalSection
	GlobalSection(SolutionProperties) = preSolution
		HideSolutionNode = FALSE
	EndGlobalSection
	GlobalSection(ExtensibilityGlobals) = postSolution
		SolutionGuid = {DC69D8B7-6654-4D7C-8DD0-79F38F8AB62F}
	EndGlobalSection
EndGlobal
