
Microsoft Visual Studio Solution File, Format Version 12.00
# Visual Studio Version 16
VisualStudioVersion = 16.0.30523.141
MinimumVisualStudioVersion = 10.0.40219.1
Project("{FAE04EC0-301F-11D3-BF4B-00C04F79EFBC}") = "Unsplash.Plus", "Unsplash.Plus\Unsplash.Plus.csproj", "{099F76AD-9DE0-4546-9F95-CF04E3581ADE}"
EndProject
Project("{9A19103F-16F7-4668-BE54-9A1E7A4F7556}") = "OneSplash.Domain", "src\OneSplash.Domain\OneSplash.Domain.csproj", "{58D85C3C-5F17-472A-AAC9-45C785343C47}"
EndProject
Project("{9A19103F-16F7-4668-BE54-9A1E7A4F7556}") = "OneSplash.Infrastructure", "src\OneSplash.Infrastructure\OneSplash.Infrastructure.csproj", "{42F1CD23-3F87-4A10-891E-F44FE7FA4079}"
EndProject
Project("{FAE04EC0-301F-11D3-BF4B-00C04F79EFBC}") = "OneSplash.UwpApp", "src\OneSplash.UwpApp\OneSplash.UwpApp.csproj", "{1B0D3323-D2D5-4906-B00A-8C68381E3C85}"
EndProject
Project("{FAE04EC0-301F-11D3-BF4B-00C04F79EFBC}") = "OneSplash.Application", "src\OneSplash.Application\OneSplash.Application.csproj", "{ED2C85D2-5F1F-4A0E-95E7-C68CDE593570}"
EndProject
Global
	GlobalSection(SolutionConfigurationPlatforms) = preSolution
		Debug|Any CPU = Debug|Any CPU
		Debug|ARM = Debug|ARM
		Debug|ARM64 = Debug|ARM64
		Debug|x64 = Debug|x64
		Debug|x86 = Debug|x86
		Release|Any CPU = Release|Any CPU
		Release|ARM = Release|ARM
		Release|ARM64 = Release|ARM64
		Release|x64 = Release|x64
		Release|x86 = Release|x86
	EndGlobalSection
	GlobalSection(ProjectConfigurationPlatforms) = postSolution
		{099F76AD-9DE0-4546-9F95-CF04E3581ADE}.Debug|Any CPU.ActiveCfg = Debug|x86
		{099F76AD-9DE0-4546-9F95-CF04E3581ADE}.Debug|ARM.ActiveCfg = Debug|ARM
		{099F76AD-9DE0-4546-9F95-CF04E3581ADE}.Debug|ARM.Build.0 = Debug|ARM
		{099F76AD-9DE0-4546-9F95-CF04E3581ADE}.Debug|ARM.Deploy.0 = Debug|ARM
		{099F76AD-9DE0-4546-9F95-CF04E3581ADE}.Debug|ARM64.ActiveCfg = Debug|ARM64
		{099F76AD-9DE0-4546-9F95-CF04E3581ADE}.Debug|ARM64.Build.0 = Debug|ARM64
		{099F76AD-9DE0-4546-9F95-CF04E3581ADE}.Debug|ARM64.Deploy.0 = Debug|ARM64
		{099F76AD-9DE0-4546-9F95-CF04E3581ADE}.Debug|x64.ActiveCfg = Debug|x64
		{099F76AD-9DE0-4546-9F95-CF04E3581ADE}.Debug|x64.Build.0 = Debug|x64
		{099F76AD-9DE0-4546-9F95-CF04E3581ADE}.Debug|x64.Deploy.0 = Debug|x64
		{099F76AD-9DE0-4546-9F95-CF04E3581ADE}.Debug|x86.ActiveCfg = Debug|x86
		{099F76AD-9DE0-4546-9F95-CF04E3581ADE}.Debug|x86.Build.0 = Debug|x86
		{099F76AD-9DE0-4546-9F95-CF04E3581ADE}.Debug|x86.Deploy.0 = Debug|x86
		{099F76AD-9DE0-4546-9F95-CF04E3581ADE}.Release|Any CPU.ActiveCfg = Release|x86
		{099F76AD-9DE0-4546-9F95-CF04E3581ADE}.Release|ARM.ActiveCfg = Release|ARM
		{099F76AD-9DE0-4546-9F95-CF04E3581ADE}.Release|ARM.Build.0 = Release|ARM
		{099F76AD-9DE0-4546-9F95-CF04E3581ADE}.Release|ARM.Deploy.0 = Release|ARM
		{099F76AD-9DE0-4546-9F95-CF04E3581ADE}.Release|ARM64.ActiveCfg = Release|ARM64
		{099F76AD-9DE0-4546-9F95-CF04E3581ADE}.Release|ARM64.Build.0 = Release|ARM64
		{099F76AD-9DE0-4546-9F95-CF04E3581ADE}.Release|ARM64.Deploy.0 = Release|ARM64
		{099F76AD-9DE0-4546-9F95-CF04E3581ADE}.Release|x64.ActiveCfg = Release|x64
		{099F76AD-9DE0-4546-9F95-CF04E3581ADE}.Release|x64.Build.0 = Release|x64
		{099F76AD-9DE0-4546-9F95-CF04E3581ADE}.Release|x64.Deploy.0 = Release|x64
		{099F76AD-9DE0-4546-9F95-CF04E3581ADE}.Release|x86.ActiveCfg = Release|x86
		{099F76AD-9DE0-4546-9F95-CF04E3581ADE}.Release|x86.Build.0 = Release|x86
		{099F76AD-9DE0-4546-9F95-CF04E3581ADE}.Release|x86.Deploy.0 = Release|x86
		{58D85C3C-5F17-472A-AAC9-45C785343C47}.Debug|Any CPU.ActiveCfg = Debug|Any CPU
		{58D85C3C-5F17-472A-AAC9-45C785343C47}.Debug|Any CPU.Build.0 = Debug|Any CPU
		{58D85C3C-5F17-472A-AAC9-45C785343C47}.Debug|ARM.ActiveCfg = Debug|Any CPU
		{58D85C3C-5F17-472A-AAC9-45C785343C47}.Debug|ARM.Build.0 = Debug|Any CPU
		{58D85C3C-5F17-472A-AAC9-45C785343C47}.Debug|ARM64.ActiveCfg = Debug|Any CPU
		{58D85C3C-5F17-472A-AAC9-45C785343C47}.Debug|ARM64.Build.0 = Debug|Any CPU
		{58D85C3C-5F17-472A-AAC9-45C785343C47}.Debug|x64.ActiveCfg = Debug|Any CPU
		{58D85C3C-5F17-472A-AAC9-45C785343C47}.Debug|x64.Build.0 = Debug|Any CPU
		{58D85C3C-5F17-472A-AAC9-45C785343C47}.Debug|x86.ActiveCfg = Debug|Any CPU
		{58D85C3C-5F17-472A-AAC9-45C785343C47}.Debug|x86.Build.0 = Debug|Any CPU
		{58D85C3C-5F17-472A-AAC9-45C785343C47}.Release|Any CPU.ActiveCfg = Release|Any CPU
		{58D85C3C-5F17-472A-AAC9-45C785343C47}.Release|Any CPU.Build.0 = Release|Any CPU
		{58D85C3C-5F17-472A-AAC9-45C785343C47}.Release|ARM.ActiveCfg = Release|Any CPU
		{58D85C3C-5F17-472A-AAC9-45C785343C47}.Release|ARM.Build.0 = Release|Any CPU
		{58D85C3C-5F17-472A-AAC9-45C785343C47}.Release|ARM64.ActiveCfg = Release|Any CPU
		{58D85C3C-5F17-472A-AAC9-45C785343C47}.Release|ARM64.Build.0 = Release|Any CPU
		{58D85C3C-5F17-472A-AAC9-45C785343C47}.Release|x64.ActiveCfg = Release|Any CPU
		{58D85C3C-5F17-472A-AAC9-45C785343C47}.Release|x64.Build.0 = Release|Any CPU
		{58D85C3C-5F17-472A-AAC9-45C785343C47}.Release|x86.ActiveCfg = Release|Any CPU
		{58D85C3C-5F17-472A-AAC9-45C785343C47}.Release|x86.Build.0 = Release|Any CPU
		{42F1CD23-3F87-4A10-891E-F44FE7FA4079}.Debug|Any CPU.ActiveCfg = Debug|Any CPU
		{42F1CD23-3F87-4A10-891E-F44FE7FA4079}.Debug|Any CPU.Build.0 = Debug|Any CPU
		{42F1CD23-3F87-4A10-891E-F44FE7FA4079}.Debug|ARM.ActiveCfg = Debug|Any CPU
		{42F1CD23-3F87-4A10-891E-F44FE7FA4079}.Debug|ARM.Build.0 = Debug|Any CPU
		{42F1CD23-3F87-4A10-891E-F44FE7FA4079}.Debug|ARM64.ActiveCfg = Debug|Any CPU
		{42F1CD23-3F87-4A10-891E-F44FE7FA4079}.Debug|ARM64.Build.0 = Debug|Any CPU
		{42F1CD23-3F87-4A10-891E-F44FE7FA4079}.Debug|x64.ActiveCfg = Debug|Any CPU
		{42F1CD23-3F87-4A10-891E-F44FE7FA4079}.Debug|x64.Build.0 = Debug|Any CPU
		{42F1CD23-3F87-4A10-891E-F44FE7FA4079}.Debug|x86.ActiveCfg = Debug|Any CPU
		{42F1CD23-3F87-4A10-891E-F44FE7FA4079}.Debug|x86.Build.0 = Debug|Any CPU
		{42F1CD23-3F87-4A10-891E-F44FE7FA4079}.Release|Any CPU.ActiveCfg = Release|Any CPU
		{42F1CD23-3F87-4A10-891E-F44FE7FA4079}.Release|Any CPU.Build.0 = Release|Any CPU
		{42F1CD23-3F87-4A10-891E-F44FE7FA4079}.Release|ARM.ActiveCfg = Release|Any CPU
		{42F1CD23-3F87-4A10-891E-F44FE7FA4079}.Release|ARM.Build.0 = Release|Any CPU
		{42F1CD23-3F87-4A10-891E-F44FE7FA4079}.Release|ARM64.ActiveCfg = Release|Any CPU
		{42F1CD23-3F87-4A10-891E-F44FE7FA4079}.Release|ARM64.Build.0 = Release|Any CPU
		{42F1CD23-3F87-4A10-891E-F44FE7FA4079}.Release|x64.ActiveCfg = Release|Any CPU
		{42F1CD23-3F87-4A10-891E-F44FE7FA4079}.Release|x64.Build.0 = Release|Any CPU
		{42F1CD23-3F87-4A10-891E-F44FE7FA4079}.Release|x86.ActiveCfg = Release|Any CPU
		{42F1CD23-3F87-4A10-891E-F44FE7FA4079}.Release|x86.Build.0 = Release|Any CPU
		{1B0D3323-D2D5-4906-B00A-8C68381E3C85}.Debug|Any CPU.ActiveCfg = Debug|x86
		{1B0D3323-D2D5-4906-B00A-8C68381E3C85}.Debug|ARM.ActiveCfg = Debug|ARM
		{1B0D3323-D2D5-4906-B00A-8C68381E3C85}.Debug|ARM.Build.0 = Debug|ARM
		{1B0D3323-D2D5-4906-B00A-8C68381E3C85}.Debug|ARM.Deploy.0 = Debug|ARM
		{1B0D3323-D2D5-4906-B00A-8C68381E3C85}.Debug|ARM64.ActiveCfg = Debug|ARM64
		{1B0D3323-D2D5-4906-B00A-8C68381E3C85}.Debug|ARM64.Build.0 = Debug|ARM64
		{1B0D3323-D2D5-4906-B00A-8C68381E3C85}.Debug|ARM64.Deploy.0 = Debug|ARM64
		{1B0D3323-D2D5-4906-B00A-8C68381E3C85}.Debug|x64.ActiveCfg = Debug|x64
		{1B0D3323-D2D5-4906-B00A-8C68381E3C85}.Debug|x64.Build.0 = Debug|x64
		{1B0D3323-D2D5-4906-B00A-8C68381E3C85}.Debug|x64.Deploy.0 = Debug|x64
		{1B0D3323-D2D5-4906-B00A-8C68381E3C85}.Debug|x86.ActiveCfg = Debug|x86
		{1B0D3323-D2D5-4906-B00A-8C68381E3C85}.Debug|x86.Build.0 = Debug|x86
		{1B0D3323-D2D5-4906-B00A-8C68381E3C85}.Debug|x86.Deploy.0 = Debug|x86
		{1B0D3323-D2D5-4906-B00A-8C68381E3C85}.Release|Any CPU.ActiveCfg = Release|x86
		{1B0D3323-D2D5-4906-B00A-8C68381E3C85}.Release|ARM.ActiveCfg = Release|ARM
		{1B0D3323-D2D5-4906-B00A-8C68381E3C85}.Release|ARM.Build.0 = Release|ARM
		{1B0D3323-D2D5-4906-B00A-8C68381E3C85}.Release|ARM.Deploy.0 = Release|ARM
		{1B0D3323-D2D5-4906-B00A-8C68381E3C85}.Release|ARM64.ActiveCfg = Release|ARM64
		{1B0D3323-D2D5-4906-B00A-8C68381E3C85}.Release|ARM64.Build.0 = Release|ARM64
		{1B0D3323-D2D5-4906-B00A-8C68381E3C85}.Release|ARM64.Deploy.0 = Release|ARM64
		{1B0D3323-D2D5-4906-B00A-8C68381E3C85}.Release|x64.ActiveCfg = Release|x64
		{1B0D3323-D2D5-4906-B00A-8C68381E3C85}.Release|x64.Build.0 = Release|x64
		{1B0D3323-D2D5-4906-B00A-8C68381E3C85}.Release|x64.Deploy.0 = Release|x64
		{1B0D3323-D2D5-4906-B00A-8C68381E3C85}.Release|x86.ActiveCfg = Release|x86
		{1B0D3323-D2D5-4906-B00A-8C68381E3C85}.Release|x86.Build.0 = Release|x86
		{1B0D3323-D2D5-4906-B00A-8C68381E3C85}.Release|x86.Deploy.0 = Release|x86
		{ED2C85D2-5F1F-4A0E-95E7-C68CDE593570}.Debug|Any CPU.ActiveCfg = Debug|Any CPU
		{ED2C85D2-5F1F-4A0E-95E7-C68CDE593570}.Debug|Any CPU.Build.0 = Debug|Any CPU
		{ED2C85D2-5F1F-4A0E-95E7-C68CDE593570}.Debug|ARM.ActiveCfg = Debug|ARM
		{ED2C85D2-5F1F-4A0E-95E7-C68CDE593570}.Debug|ARM.Build.0 = Debug|ARM
		{ED2C85D2-5F1F-4A0E-95E7-C68CDE593570}.Debug|ARM64.ActiveCfg = Debug|ARM64
		{ED2C85D2-5F1F-4A0E-95E7-C68CDE593570}.Debug|ARM64.Build.0 = Debug|ARM64
		{ED2C85D2-5F1F-4A0E-95E7-C68CDE593570}.Debug|x64.ActiveCfg = Debug|x64
		{ED2C85D2-5F1F-4A0E-95E7-C68CDE593570}.Debug|x64.Build.0 = Debug|x64
		{ED2C85D2-5F1F-4A0E-95E7-C68CDE593570}.Debug|x86.ActiveCfg = Debug|x86
		{ED2C85D2-5F1F-4A0E-95E7-C68CDE593570}.Debug|x86.Build.0 = Debug|x86
		{ED2C85D2-5F1F-4A0E-95E7-C68CDE593570}.Release|Any CPU.ActiveCfg = Release|Any CPU
		{ED2C85D2-5F1F-4A0E-95E7-C68CDE593570}.Release|Any CPU.Build.0 = Release|Any CPU
		{ED2C85D2-5F1F-4A0E-95E7-C68CDE593570}.Release|ARM.ActiveCfg = Release|ARM
		{ED2C85D2-5F1F-4A0E-95E7-C68CDE593570}.Release|ARM.Build.0 = Release|ARM
		{ED2C85D2-5F1F-4A0E-95E7-C68CDE593570}.Release|ARM64.ActiveCfg = Release|ARM64
		{ED2C85D2-5F1F-4A0E-95E7-C68CDE593570}.Release|ARM64.Build.0 = Release|ARM64
		{ED2C85D2-5F1F-4A0E-95E7-C68CDE593570}.Release|x64.ActiveCfg = Release|x64
		{ED2C85D2-5F1F-4A0E-95E7-C68CDE593570}.Release|x64.Build.0 = Release|x64
		{ED2C85D2-5F1F-4A0E-95E7-C68CDE593570}.Release|x86.ActiveCfg = Release|x86
		{ED2C85D2-5F1F-4A0E-95E7-C68CDE593570}.Release|x86.Build.0 = Release|x86
	EndGlobalSection
	GlobalSection(SolutionProperties) = preSolution
		HideSolutionNode = FALSE
	EndGlobalSection
	GlobalSection(ExtensibilityGlobals) = postSolution
		SolutionGuid = {DC69D8B7-6654-4D7C-8DD0-79F38F8AB62F}
	EndGlobalSection
EndGlobal
